
Microsoft Visual Studio Solution File, Format Version 12.00
# Visual Studio 14
VisualStudioVersion = 14.0.25420.1
MinimumVisualStudioVersion = 10.0.40219.1
Project("{FAE04EC0-301F-11D3-BF4B-00C04F79EFBC}") = "AlexaAltTran", "AlexaAltTran\AlexaAltTran.csproj", "{4C8A5512-50A0-418A-8C36-35C6DD730868}"
EndProject
Project("{FAE04EC0-301F-11D3-BF4B-00C04F79EFBC}") = "AlexaAltTran.Data", "AlexaAltTran.Data\AlexaAltTran.Data.csproj", "{EDFC9E70-449E-4517-AD89-129D08926D38}"
EndProject
Project("{FAE04EC0-301F-11D3-BF4B-00C04F79EFBC}") = "AlexaAltTran.Test", "AlexaAltTran.Test\AlexaAltTran.Test.csproj", "{63486717-9C63-4361-B6C0-2B75C92FA003}"
EndProject
Global
	GlobalSection(SolutionConfigurationPlatforms) = preSolution
		Debug|Any CPU = Debug|Any CPU
		Release|Any CPU = Release|Any CPU
	EndGlobalSection
	GlobalSection(ProjectConfigurationPlatforms) = postSolution
		{4C8A5512-50A0-418A-8C36-35C6DD730868}.Debug|Any CPU.ActiveCfg = Debug|Any CPU
		{4C8A5512-50A0-418A-8C36-35C6DD730868}.Debug|Any CPU.Build.0 = Debug|Any CPU
		{4C8A5512-50A0-418A-8C36-35C6DD730868}.Release|Any CPU.ActiveCfg = Release|Any CPU
		{4C8A5512-50A0-418A-8C36-35C6DD730868}.Release|Any CPU.Build.0 = Release|Any CPU
		{EDFC9E70-449E-4517-AD89-129D08926D38}.Debug|Any CPU.ActiveCfg = Debug|Any CPU
		{EDFC9E70-449E-4517-AD89-129D08926D38}.Debug|Any CPU.Build.0 = Debug|Any CPU
		{EDFC9E70-449E-4517-AD89-129D08926D38}.Release|Any CPU.ActiveCfg = Release|Any CPU
		{EDFC9E70-449E-4517-AD89-129D08926D38}.Release|Any CPU.Build.0 = Release|Any CPU
		{63486717-9C63-4361-B6C0-2B75C92FA003}.Debug|Any CPU.ActiveCfg = Debug|Any CPU
		{63486717-9C63-4361-B6C0-2B75C92FA003}.Debug|Any CPU.Build.0 = Debug|Any CPU
		{63486717-9C63-4361-B6C0-2B75C92FA003}.Release|Any CPU.ActiveCfg = Release|Any CPU
		{63486717-9C63-4361-B6C0-2B75C92FA003}.Release|Any CPU.Build.0 = Release|Any CPU
	EndGlobalSection
	GlobalSection(SolutionProperties) = preSolution
		HideSolutionNode = FALSE
	EndGlobalSection
EndGlobal
